
Microsoft Visual Studio Solution File, Format Version 12.00
# Visual Studio 15
VisualStudioVersion = 15.0.26124.0
MinimumVisualStudioVersion = 15.0.26124.0
Project("{FAE04EC0-301F-11D3-BF4B-00C04F79EFBC}") = "Domain", "Domain\Domain.csproj", "{14C49D24-720B-483D-AEB0-30A40D005E9A}"
EndProject
Project("{FAE04EC0-301F-11D3-BF4B-00C04F79EFBC}") = "API", "API\API.csproj", "{12D21570-2946-4993-BD73-F41A18A79581}"
EndProject
Project("{FAE04EC0-301F-11D3-BF4B-00C04F79EFBC}") = "Application", "Application\Application.csproj", "{ED8AAE39-08EA-4BA5-AC27-253B49725CE5}"
EndProject
Project("{FAE04EC0-301F-11D3-BF4B-00C04F79EFBC}") = "Persistence", "Persistence\Persistence.csproj", "{32FBFDE3-B6A2-4C8A-BC38-FDD3695F6022}"
EndProject
Global
	GlobalSection(SolutionConfigurationPlatforms) = preSolution
		Debug|Any CPU = Debug|Any CPU
		Debug|x64 = Debug|x64
		Debug|x86 = Debug|x86
		Release|Any CPU = Release|Any CPU
		Release|x64 = Release|x64
		Release|x86 = Release|x86
	EndGlobalSection
	GlobalSection(SolutionProperties) = preSolution
		HideSolutionNode = FALSE
	EndGlobalSection
	GlobalSection(ProjectConfigurationPlatforms) = postSolution
		{14C49D24-720B-483D-AEB0-30A40D005E9A}.Debug|Any CPU.ActiveCfg = Debug|Any CPU
		{14C49D24-720B-483D-AEB0-30A40D005E9A}.Debug|Any CPU.Build.0 = Debug|Any CPU
		{14C49D24-720B-483D-AEB0-30A40D005E9A}.Debug|x64.ActiveCfg = Debug|Any CPU
		{14C49D24-720B-483D-AEB0-30A40D005E9A}.Debug|x64.Build.0 = Debug|Any CPU
		{14C49D24-720B-483D-AEB0-30A40D005E9A}.Debug|x86.ActiveCfg = Debug|Any CPU
		{14C49D24-720B-483D-AEB0-30A40D005E9A}.Debug|x86.Build.0 = Debug|Any CPU
		{14C49D24-720B-483D-AEB0-30A40D005E9A}.Release|Any CPU.ActiveCfg = Release|Any CPU
		{14C49D24-720B-483D-AEB0-30A40D005E9A}.Release|Any CPU.Build.0 = Release|Any CPU
		{14C49D24-720B-483D-AEB0-30A40D005E9A}.Release|x64.ActiveCfg = Release|Any CPU
		{14C49D24-720B-483D-AEB0-30A40D005E9A}.Release|x64.Build.0 = Release|Any CPU
		{14C49D24-720B-483D-AEB0-30A40D005E9A}.Release|x86.ActiveCfg = Release|Any CPU
		{14C49D24-720B-483D-AEB0-30A40D005E9A}.Release|x86.Build.0 = Release|Any CPU
		{12D21570-2946-4993-BD73-F41A18A79581}.Debug|Any CPU.ActiveCfg = Debug|Any CPU
		{12D21570-2946-4993-BD73-F41A18A79581}.Debug|Any CPU.Build.0 = Debug|Any CPU
		{12D21570-2946-4993-BD73-F41A18A79581}.Debug|x64.ActiveCfg = Debug|Any CPU
		{12D21570-2946-4993-BD73-F41A18A79581}.Debug|x64.Build.0 = Debug|Any CPU
		{12D21570-2946-4993-BD73-F41A18A79581}.Debug|x86.ActiveCfg = Debug|Any CPU
		{12D21570-2946-4993-BD73-F41A18A79581}.Debug|x86.Build.0 = Debug|Any CPU
		{12D21570-2946-4993-BD73-F41A18A79581}.Release|Any CPU.ActiveCfg = Release|Any CPU
		{12D21570-2946-4993-BD73-F41A18A79581}.Release|Any CPU.Build.0 = Release|Any CPU
		{12D21570-2946-4993-BD73-F41A18A79581}.Release|x64.ActiveCfg = Release|Any CPU
		{12D21570-2946-4993-BD73-F41A18A79581}.Release|x64.Build.0 = Release|Any CPU
		{12D21570-2946-4993-BD73-F41A18A79581}.Release|x86.ActiveCfg = Release|Any CPU
		{12D21570-2946-4993-BD73-F41A18A79581}.Release|x86.Build.0 = Release|Any CPU
		{ED8AAE39-08EA-4BA5-AC27-253B49725CE5}.Debug|Any CPU.ActiveCfg = Debug|Any CPU
		{ED8AAE39-08EA-4BA5-AC27-253B49725CE5}.Debug|Any CPU.Build.0 = Debug|Any CPU
		{ED8AAE39-08EA-4BA5-AC27-253B49725CE5}.Debug|x64.ActiveCfg = Debug|Any CPU
		{ED8AAE39-08EA-4BA5-AC27-253B49725CE5}.Debug|x64.Build.0 = Debug|Any CPU
		{ED8AAE39-08EA-4BA5-AC27-253B49725CE5}.Debug|x86.ActiveCfg = Debug|Any CPU
		{ED8AAE39-08EA-4BA5-AC27-253B49725CE5}.Debug|x86.Build.0 = Debug|Any CPU
		{ED8AAE39-08EA-4BA5-AC27-253B49725CE5}.Release|Any CPU.ActiveCfg = Release|Any CPU
		{ED8AAE39-08EA-4BA5-AC27-253B49725CE5}.Release|Any CPU.Build.0 = Release|Any CPU
		{ED8AAE39-08EA-4BA5-AC27-253B49725CE5}.Release|x64.ActiveCfg = Release|Any CPU
		{ED8AAE39-08EA-4BA5-AC27-253B49725CE5}.Release|x64.Build.0 = Release|Any CPU
		{ED8AAE39-08EA-4BA5-AC27-253B49725CE5}.Release|x86.ActiveCfg = Release|Any CPU
		{ED8AAE39-08EA-4BA5-AC27-253B49725CE5}.Release|x86.Build.0 = Release|Any CPU
		{32FBFDE3-B6A2-4C8A-BC38-FDD3695F6022}.Debug|Any CPU.ActiveCfg = Debug|Any CPU
		{32FBFDE3-B6A2-4C8A-BC38-FDD3695F6022}.Debug|Any CPU.Build.0 = Debug|Any CPU
		{32FBFDE3-B6A2-4C8A-BC38-FDD3695F6022}.Debug|x64.ActiveCfg = Debug|Any CPU
		{32FBFDE3-B6A2-4C8A-BC38-FDD3695F6022}.Debug|x64.Build.0 = Debug|Any CPU
		{32FBFDE3-B6A2-4C8A-BC38-FDD3695F6022}.Debug|x86.ActiveCfg = Debug|Any CPU
		{32FBFDE3-B6A2-4C8A-BC38-FDD3695F6022}.Debug|x86.Build.0 = Debug|Any CPU
		{32FBFDE3-B6A2-4C8A-BC38-FDD3695F6022}.Release|Any CPU.ActiveCfg = Release|Any CPU
		{32FBFDE3-B6A2-4C8A-BC38-FDD3695F6022}.Release|Any CPU.Build.0 = Release|Any CPU
		{32FBFDE3-B6A2-4C8A-BC38-FDD3695F6022}.Release|x64.ActiveCfg = Release|Any CPU
		{32FBFDE3-B6A2-4C8A-BC38-FDD3695F6022}.Release|x64.Build.0 = Release|Any CPU
		{32FBFDE3-B6A2-4C8A-BC38-FDD3695F6022}.Release|x86.ActiveCfg = Release|Any CPU
		{32FBFDE3-B6A2-4C8A-BC38-FDD3695F6022}.Release|x86.Build.0 = Release|Any CPU
	EndGlobalSection
EndGlobal
